
Microsoft Visual Studio Solution File, Format Version 12.00
# Visual Studio Version 17
VisualStudioVersion = 17.0.32112.339
MinimumVisualStudioVersion = 10.0.40219.1
Project("{8BC9CEB8-8B4A-11D0-8D11-00A0C91BC942}") = "lab1_oop", "lab1_oop.vcxproj", "{F95C3509-C6DB-4881-9713-9760B3E44535}"
EndProject
Project("{8BC9CEB8-8B4A-11D0-8D11-00A0C91BC942}") = "Lab1_oopTest", "Lab1_oopTest\Lab1_oopTest.vcxproj", "{E3A39F58-82A3-42FF-9828-5656F1B0BD7D}"
EndProject
Global
	GlobalSection(SolutionConfigurationPlatforms) = preSolution
		Debug|x64 = Debug|x64
		Debug|x86 = Debug|x86
		Release|x64 = Release|x64
		Release|x86 = Release|x86
	EndGlobalSection
	GlobalSection(ProjectConfigurationPlatforms) = postSolution
		{F95C3509-C6DB-4881-9713-9760B3E44535}.Debug|x64.ActiveCfg = Debug|x64
		{F95C3509-C6DB-4881-9713-9760B3E44535}.Debug|x64.Build.0 = Debug|x64
		{F95C3509-C6DB-4881-9713-9760B3E44535}.Debug|x86.ActiveCfg = Debug|Win32
		{F95C3509-C6DB-4881-9713-9760B3E44535}.Debug|x86.Build.0 = Debug|Win32
		{F95C3509-C6DB-4881-9713-9760B3E44535}.Release|x64.ActiveCfg = Release|x64
		{F95C3509-C6DB-4881-9713-9760B3E44535}.Release|x64.Build.0 = Release|x64
		{F95C3509-C6DB-4881-9713-9760B3E44535}.Release|x86.ActiveCfg = Release|Win32
		{F95C3509-C6DB-4881-9713-9760B3E44535}.Release|x86.Build.0 = Release|Win32
		{E3A39F58-82A3-42FF-9828-5656F1B0BD7D}.Debug|x64.ActiveCfg = Debug|x64
		{E3A39F58-82A3-42FF-9828-5656F1B0BD7D}.Debug|x64.Build.0 = Debug|x64
		{E3A39F58-82A3-42FF-9828-5656F1B0BD7D}.Debug|x86.ActiveCfg = Debug|Win32
		{E3A39F58-82A3-42FF-9828-5656F1B0BD7D}.Debug|x86.Build.0 = Debug|Win32
		{E3A39F58-82A3-42FF-9828-5656F1B0BD7D}.Release|x64.ActiveCfg = Release|x64
		{E3A39F58-82A3-42FF-9828-5656F1B0BD7D}.Release|x64.Build.0 = Release|x64
		{E3A39F58-82A3-42FF-9828-5656F1B0BD7D}.Release|x86.ActiveCfg = Release|Win32
		{E3A39F58-82A3-42FF-9828-5656F1B0BD7D}.Release|x86.Build.0 = Release|Win32
	EndGlobalSection
	GlobalSection(SolutionProperties) = preSolution
		HideSolutionNode = FALSE
	EndGlobalSection
	GlobalSection(ExtensibilityGlobals) = postSolution
		SolutionGuid = {1410111E-8EA5-4521-9A34-445045AA967E}
	EndGlobalSection
EndGlobal
